{
  "name": "logr",
  "version": "1.0.3",
  "dependencies": {
    "balanced-match": {
      "version": "0.4.2",
      "from": "balanced-match@>=0.4.1 <0.5.0",
      "resolved": "https://registry.npmjs.org/balanced-match/-/balanced-match-0.4.2.tgz"
    },
    "brace-expansion": {
      "version": "1.1.6",
      "from": "brace-expansion@>=1.0.0 <2.0.0",
      "resolved": "https://registry.npmjs.org/brace-expansion/-/brace-expansion-1.1.6.tgz"
    },
    "bunyan": {
      "version": "1.8.4",
      "from": "bunyan@1.8.4",
      "resolved": "https://registry.npmjs.org/bunyan/-/bunyan-1.8.4.tgz"
    },
    "concat-map": {
      "version": "0.0.1",
      "from": "concat-map@0.0.1",
      "resolved": "https://registry.npmjs.org/concat-map/-/concat-map-0.0.1.tgz"
    },
    "dtrace-provider": {
      "version": "0.7.1",
      "from": "dtrace-provider@>=0.7.0 <0.8.0",
      "resolved": "https://registry.npmjs.org/dtrace-provider/-/dtrace-provider-0.7.1.tgz"
    },
    "glob": {
      "version": "6.0.4",
      "from": "glob@>=6.0.1 <7.0.0",
      "resolved": "https://registry.npmjs.org/glob/-/glob-6.0.4.tgz"
    },
    "inflight": {
      "version": "1.0.6",
      "from": "inflight@>=1.0.4 <2.0.0",
      "resolved": "https://registry.npmjs.org/inflight/-/inflight-1.0.6.tgz"
    },
    "inherits": {
      "version": "2.0.3",
      "from": "inherits@>=2.0.0 <3.0.0",
      "resolved": "https://registry.npmjs.org/inherits/-/inherits-2.0.3.tgz"
    },
    "minimatch": {
      "version": "3.0.3",
      "from": "minimatch@>=2.0.0 <3.0.0||>=3.0.0 <4.0.0",
      "resolved": "https://registry.npmjs.org/minimatch/-/minimatch-3.0.3.tgz"
    },
    "minimist": {
      "version": "0.0.8",
      "from": "minimist@0.0.8",
      "resolved": "https://registry.npmjs.org/minimist/-/minimist-0.0.8.tgz"
    },
    "mkdirp": {
      "version": "0.5.1",
      "from": "mkdirp@>=0.5.1 <0.6.0",
      "resolved": "https://registry.npmjs.org/mkdirp/-/mkdirp-0.5.1.tgz"
    },
    "moment": {
      "version": "2.15.2",
      "from": "moment@>=2.10.6 <3.0.0",
      "resolved": "https://registry.npmjs.org/moment/-/moment-2.15.2.tgz"
    },
    "mv": {
      "version": "2.1.1",
      "from": "mv@>=2.0.0 <3.0.0",
      "resolved": "https://registry.npmjs.org/mv/-/mv-2.1.1.tgz"
    },
    "nan": {
      "version": "2.4.0",
      "from": "nan@>=2.3.3 <3.0.0",
      "resolved": "https://registry.npmjs.org/nan/-/nan-2.4.0.tgz"
    },
    "ncp": {
      "version": "2.0.0",
      "from": "ncp@>=2.0.0 <2.1.0",
      "resolved": "https://registry.npmjs.org/ncp/-/ncp-2.0.0.tgz"
    },
    "once": {
      "version": "1.4.0",
      "from": "once@>=1.3.0 <2.0.0",
      "resolved": "https://registry.npmjs.org/once/-/once-1.4.0.tgz"
    },
    "path-is-absolute": {
      "version": "1.0.1",
      "from": "path-is-absolute@>=1.0.0 <2.0.0",
      "resolved": "https://registry.npmjs.org/path-is-absolute/-/path-is-absolute-1.0.1.tgz"
    },
    "rimraf": {
      "version": "2.4.5",
      "from": "rimraf@>=2.4.0 <2.5.0",
      "resolved": "https://registry.npmjs.org/rimraf/-/rimraf-2.4.5.tgz"
    },
    "safe-json-stringify": {
      "version": "1.0.3",
      "from": "safe-json-stringify@>=1.0.0 <2.0.0",
      "resolved": "https://registry.npmjs.org/safe-json-stringify/-/safe-json-stringify-1.0.3.tgz"
    },
    "wrappy": {
      "version": "1.0.2",
      "from": "wrappy@>=1.0.0 <2.0.0",
      "resolved": "https://registry.npmjs.org/wrappy/-/wrappy-1.0.2.tgz"
    }
  }
}
